<?xml version="1.0" encoding="utf-8"?>
<Project ToolsVersion="4.0" xmlns="http://schemas.microsoft.com/developer/msbuild/2003">
  <ItemGroup>
    <Filter Include="Source Files">
      <UniqueIdentifier>{4FC737F1-C7A5-4376-A066-2A32D752A2FF}</UniqueIdentifier>
      <Extensions>cpp;c;cc;cxx;def;odl;idl;hpj;bat;asm;asmx</Extensions>
    </Filter>
    <Filter Include="Header Files">
      <UniqueIdentifier>{93995380-89BD-4b04-88EB-625FBE52EBFB}</UniqueIdentifier>
      <Extensions>h;hpp;hxx;hm;inl;inc;xsd</Extensions>
    </Filter>
    <Filter Include="Resource Files">
      <UniqueIdentifier>{67DA6AB6-F800-4c08-8B7A-83BB121AAD01}</UniqueIdentifier>
      <Extensions>rc;ico;cur;bmp;dlg;rc2;rct;bin;rgs;gif;jpg;jpeg;jpe;resx;tiff;tif;png;wav</Extensions>
    </Filter>
    <Filter Include="src">
      <UniqueIdentifier>{4aa29f2a-34b1-49f0-b0e6-ee3bd324277f}</UniqueIdentifier>
    </Filter>
  </ItemGroup>
  <ItemGroup>
    <ClCompile Include="QQProtect.cpp">
      <Filter>Source Files</Filter>
    </ClCompile>
    <ClCompile Include="stdafx.cpp">
      <Filter>Source Files</Filter>
    </ClCompile>
    <ClCompile Include="src\ChatSession.cpp">
      <Filter>src</Filter>
    </ClCompile>
    <ClCompile Include="src\ChatSessionManager.cpp">
      <Filter>src</Filter>
    </ClCompile>
    <ClCompile Include="src\ChatWindow.cpp">
      <Filter>src</Filter>
    </ClCompile>
    <ClCompile Include="src\LoginWindow.cpp">
      <Filter>src</Filter>
    </ClCompile>
    <ClCompile Include="src\MainWindow.cpp">
      <Filter>src</Filter>
    </ClCompile>
    <ClCompile Include="src\SettingWindow.cpp">
      <Filter>src</Filter>
    </ClCompile>
    <ClCompile Include="src\ThemeWindow.cpp">
      <Filter>src</Filter>
    </ClCompile>
    <ClCompile Include="src\UserInfoWindow.cpp">
      <Filter>src</Filter>
    </ClCompile>
    <ClCompile Include="src\UserManager.cpp">
      <Filter>src</Filter>
    </ClCompile>
  </ItemGroup>
  <ItemGroup>
    <ClInclude Include="resource.h">
      <Filter>Header Files</Filter>
    </ClInclude>
    <ClInclude Include="stdafx.h">
      <Filter>Header Files</Filter>
    </ClInclude>
    <ClInclude Include="targetver.h">
      <Filter>Header Files</Filter>
    </ClInclude>
    <ClInclude Include="src\ChatMessage.h">
      <Filter>src</Filter>
    </ClInclude>
    <ClInclude Include="src\ChatSession.h">
      <Filter>src</Filter>
    </ClInclude>
    <ClInclude Include="src\ChatSessionManager.h">
      <Filter>src</Filter>
    </ClInclude>
    <ClInclude Include="src\ChatWindow.h">
      <Filter>src</Filter>
    </ClInclude>
    <ClInclude Include="src\LoginWindow.h">
      <Filter>src</Filter>
    </ClInclude>
    <ClInclude Include="src\MainWindow.h">
      <Filter>src</Filter>
    </ClInclude>
    <ClInclude Include="src\SettingWindow.h">
      <Filter>src</Filter>
    </ClInclude>
    <ClInclude Include="src\ThemeWindow.h">
      <Filter>src</Filter>
    </ClInclude>
    <ClInclude Include="src\UserInfoWindow.h">
      <Filter>src</Filter>
    </ClInclude>
    <ClInclude Include="src\UserManager.h">
      <Filter>src</Filter>
    </ClInclude>
  </ItemGroup>
  <ItemGroup>
    <Image Include="res\All_logo16.ico">
      <Filter>Resource Files</Filter>
    </Image>
  </ItemGroup>
  <ItemGroup>
    <ResourceCompile Include="QQProtect.rc">
      <Filter>Resource Files</Filter>
    </ResourceCompile>
  </ItemGroup>
  <ItemGroup>
    <Text Include="ReadMe.txt" />
  </ItemGroup>
</Project>