
Microsoft Visual Studio Solution File, Format Version 10.00
# Visual Studio 2008
Project("{8BC9CEB8-8B4A-11D0-8D11-00A0C91BC942}") = "uidframe", "uidframe\uidframe.vcproj", "{25FB711A-F626-4562-8CCA-7582C3F7C4ED}"
EndProject
Project("{8BC9CEB8-8B4A-11D0-8D11-00A0C91BC942}") = "uidpreview", "uidpreview\uidpreview.vcproj", "{D83629AD-231E-4A95-9E0E-98C398A6C5FB}"
	ProjectSection(ProjectDependencies) = postProject
		{25FB711A-F626-4562-8CCA-7582C3F7C4ED} = {25FB711A-F626-4562-8CCA-7582C3F7C4ED}
	EndProjectSection
EndProject
Project("{8BC9CEB8-8B4A-11D0-8D11-00A0C91BC942}") = "uidrun", "uidrun\uidrun.vcproj", "{C653D618-AFD6-48E8-98AC-FC8A32675A4E}"
	ProjectSection(ProjectDependencies) = postProject
		{25FB711A-F626-4562-8CCA-7582C3F7C4ED} = {25FB711A-F626-4562-8CCA-7582C3F7C4ED}
		{D83629AD-231E-4A95-9E0E-98C398A6C5FB} = {D83629AD-231E-4A95-9E0E-98C398A6C5FB}
	EndProjectSection
EndProject
Global
	GlobalSection(SolutionConfigurationPlatforms) = preSolution
		Debug|Win32 = Debug|Win32
		Release|Win32 = Release|Win32
	EndGlobalSection
	GlobalSection(ProjectConfigurationPlatforms) = postSolution
		{25FB711A-F626-4562-8CCA-7582C3F7C4ED}.Debug|Win32.ActiveCfg = Debug|Win32
		{25FB711A-F626-4562-8CCA-7582C3F7C4ED}.Debug|Win32.Build.0 = Debug|Win32
		{25FB711A-F626-4562-8CCA-7582C3F7C4ED}.Release|Win32.ActiveCfg = Release|Win32
		{25FB711A-F626-4562-8CCA-7582C3F7C4ED}.Release|Win32.Build.0 = Release|Win32
		{D83629AD-231E-4A95-9E0E-98C398A6C5FB}.Debug|Win32.ActiveCfg = Debug|Win32
		{D83629AD-231E-4A95-9E0E-98C398A6C5FB}.Debug|Win32.Build.0 = Debug|Win32
		{D83629AD-231E-4A95-9E0E-98C398A6C5FB}.Release|Win32.ActiveCfg = Release|Win32
		{D83629AD-231E-4A95-9E0E-98C398A6C5FB}.Release|Win32.Build.0 = Release|Win32
		{C653D618-AFD6-48E8-98AC-FC8A32675A4E}.Debug|Win32.ActiveCfg = Debug|Win32
		{C653D618-AFD6-48E8-98AC-FC8A32675A4E}.Debug|Win32.Build.0 = Debug|Win32
		{C653D618-AFD6-48E8-98AC-FC8A32675A4E}.Release|Win32.ActiveCfg = Release|Win32
		{C653D618-AFD6-48E8-98AC-FC8A32675A4E}.Release|Win32.Build.0 = Release|Win32
	EndGlobalSection
	GlobalSection(SolutionProperties) = preSolution
		HideSolutionNode = FALSE
	EndGlobalSection
EndGlobal
